
Microsoft Visual Studio Solution File, Format Version 12.00
# Visual Studio Version 16
VisualStudioVersion = 16.0.31410.357
MinimumVisualStudioVersion = 10.0.40219.1
Project("{9A19103F-16F7-4668-BE54-9A1E7A4F7556}") = "pp-win", "pp-win\pp-win.csproj", "{8135BFE6-572A-4AE6-9273-65929E722A08}"
EndProject
Project("{9A19103F-16F7-4668-BE54-9A1E7A4F7556}") = "pp", "pp\pp.csproj", "{4A747F33-F823-4407-A398-E1B431B488DC}"
EndProject
Project("{2150E333-8FDC-42A3-9474-1A3956D46DE8}") = "Solution Items", "Solution Items", "{0B373CE1-8410-4D25-B065-21CBFB3840D9}"
	ProjectSection(SolutionItems) = preProject
		README.md = README.md
	EndProjectSection
EndProject
Global
	GlobalSection(SolutionConfigurationPlatforms) = preSolution
		Debug|Any CPU = Debug|Any CPU
		Release|Any CPU = Release|Any CPU
	EndGlobalSection
	GlobalSection(ProjectConfigurationPlatforms) = postSolution
		{8135BFE6-572A-4AE6-9273-65929E722A08}.Debug|Any CPU.ActiveCfg = Debug|Any CPU
		{8135BFE6-572A-4AE6-9273-65929E722A08}.Debug|Any CPU.Build.0 = Debug|Any CPU
		{8135BFE6-572A-4AE6-9273-65929E722A08}.Release|Any CPU.ActiveCfg = Release|Any CPU
		{8135BFE6-572A-4AE6-9273-65929E722A08}.Release|Any CPU.Build.0 = Release|Any CPU
		{4A747F33-F823-4407-A398-E1B431B488DC}.Debug|Any CPU.ActiveCfg = Debug|Any CPU
		{4A747F33-F823-4407-A398-E1B431B488DC}.Debug|Any CPU.Build.0 = Debug|Any CPU
		{4A747F33-F823-4407-A398-E1B431B488DC}.Release|Any CPU.ActiveCfg = Release|Any CPU
		{4A747F33-F823-4407-A398-E1B431B488DC}.Release|Any CPU.Build.0 = Release|Any CPU
	EndGlobalSection
	GlobalSection(SolutionProperties) = preSolution
		HideSolutionNode = FALSE
	EndGlobalSection
	GlobalSection(ExtensibilityGlobals) = postSolution
		SolutionGuid = {97B4823D-1476-4D5B-A467-0DDE95333DCE}
	EndGlobalSection
EndGlobal
